// !$*UTF8*$!
{
	archiveVersion = 1;
	classes = {
	};
	objectVersion = 46;
	objects = {

/* Begin PBXBuildFile section */
		B321620C14773B7700C7EE05 /* djc1.png in Resources */ = {isa = PBXBuildFile; fileRef = B321620B14773B7700C7EE05 /* djc1.png */; };
		B321621214773BDE00C7EE05 /* SplashView.m in Sources */ = {isa = PBXBuildFile; fileRef = B321621014773BDE00C7EE05 /* SplashView.m */; };
		B321621314773BDE00C7EE05 /* SplashView.xib in Resources */ = {isa = PBXBuildFile; fileRef = B321621114773BDE00C7EE05 /* SplashView.xib */; };
		B321621514773CFD00C7EE05 /* djc2.png in Resources */ = {isa = PBXBuildFile; fileRef = B321621414773CFD00C7EE05 /* djc2.png */; };
		B352AD691477859200824ED1 /* EventView.m in Sources */ = {isa = PBXBuildFile; fileRef = B352AD671477859200824ED1 /* EventView.m */; };
		B352AD6A1477859200824ED1 /* EventView.xib in Resources */ = {isa = PBXBuildFile; fileRef = B352AD681477859200824ED1 /* EventView.xib */; };
		B384A98E14761B1A003F0DD6 /* UIKit.framework in Frameworks */ = {isa = PBXBuildFile; fileRef = B384A98D14761B1A003F0DD6 /* UIKit.framework */; };
		B384A99014761B1A003F0DD6 /* Foundation.framework in Frameworks */ = {isa = PBXBuildFile; fileRef = B384A98F14761B1A003F0DD6 /* Foundation.framework */; };
		B384A99214761B1A003F0DD6 /* CoreGraphics.framework in Frameworks */ = {isa = PBXBuildFile; fileRef = B384A99114761B1A003F0DD6 /* CoreGraphics.framework */; };
		B384A99814761B1A003F0DD6 /* InfoPlist.strings in Resources */ = {isa = PBXBuildFile; fileRef = B384A99614761B1A003F0DD6 /* InfoPlist.strings */; };
		B384A9A114761B1A003F0DD6 /* MainWindow.xib in Resources */ = {isa = PBXBuildFile; fileRef = B384A99F14761B1A003F0DD6 /* MainWindow.xib */; };
		B384A9AA14761B1A003F0DD6 /* FirstView.xib in Resources */ = {isa = PBXBuildFile; fileRef = B384A9A814761B1A003F0DD6 /* FirstView.xib */; };
		B384A9AD14761B1A003F0DD6 /* SecondView.xib in Resources */ = {isa = PBXBuildFile; fileRef = B384A9AB14761B1A003F0DD6 /* SecondView.xib */; };
		B384A9C414761CC1003F0DD6 /* UIImageForCell.m in Sources */ = {isa = PBXBuildFile; fileRef = B384A9C314761CC1003F0DD6 /* UIImageForCell.m */; };
		B384A9C714761D04003F0DD6 /* Utility.m in Sources */ = {isa = PBXBuildFile; fileRef = B384A9C614761D04003F0DD6 /* Utility.m */; };
		B384A9DF14761D9E003F0DD6 /* Reachability.m in Sources */ = {isa = PBXBuildFile; fileRef = B384A9C914761D9E003F0DD6 /* Reachability.m */; };
		B384A9E014761D9E003F0DD6 /* ASIAuthenticationDialog.m in Sources */ = {isa = PBXBuildFile; fileRef = B384A9CC14761D9E003F0DD6 /* ASIAuthenticationDialog.m */; };
		B384A9E114761D9E003F0DD6 /* ASIDataCompressor.m in Sources */ = {isa = PBXBuildFile; fileRef = B384A9CF14761D9E003F0DD6 /* ASIDataCompressor.m */; };
		B384A9E214761D9E003F0DD6 /* ASIDataDecompressor.m in Sources */ = {isa = PBXBuildFile; fileRef = B384A9D114761D9E003F0DD6 /* ASIDataDecompressor.m */; };
		B384A9E314761D9E003F0DD6 /* ASIDownloadCache.m in Sources */ = {isa = PBXBuildFile; fileRef = B384A9D314761D9E003F0DD6 /* ASIDownloadCache.m */; };
		B384A9E414761D9E003F0DD6 /* ASIFormDataRequest.m in Sources */ = {isa = PBXBuildFile; fileRef = B384A9D514761D9E003F0DD6 /* ASIFormDataRequest.m */; };
		B384A9E514761D9E003F0DD6 /* ASIHTTPRequest.m in Sources */ = {isa = PBXBuildFile; fileRef = B384A9D714761D9E003F0DD6 /* ASIHTTPRequest.m */; };
		B384A9E614761D9E003F0DD6 /* ASIInputStream.m in Sources */ = {isa = PBXBuildFile; fileRef = B384A9DB14761D9E003F0DD6 /* ASIInputStream.m */; };
		B384A9E714761D9E003F0DD6 /* ASINetworkQueue.m in Sources */ = {isa = PBXBuildFile; fileRef = B384A9DD14761D9E003F0DD6 /* ASINetworkQueue.m */; };
		B384A9EA14761DD8003F0DD6 /* DJCAPI.m in Sources */ = {isa = PBXBuildFile; fileRef = B384A9E914761DD8003F0DD6 /* DJCAPI.m */; };
		B384A9EE14761ECD003F0DD6 /* Event.m in Sources */ = {isa = PBXBuildFile; fileRef = B384A9ED14761ECD003F0DD6 /* Event.m */; };
		B384A9F114761FB9003F0DD6 /* SimpleLocation.m in Sources */ = {isa = PBXBuildFile; fileRef = B384A9F014761FB9003F0DD6 /* SimpleLocation.m */; };
		B384A9F314761FEC003F0DD6 /* CoreLocation.framework in Frameworks */ = {isa = PBXBuildFile; fileRef = B384A9F214761FEC003F0DD6 /* CoreLocation.framework */; };
		B384A9F514761FF6003F0DD6 /* MapKit.framework in Frameworks */ = {isa = PBXBuildFile; fileRef = B384A9F414761FF6003F0DD6 /* MapKit.framework */; };
		B384A9FF1476205D003F0DD6 /* JSONRPCService.m in Sources */ = {isa = PBXBuildFile; fileRef = B384A9FE1476205D003F0DD6 /* JSONRPCService.m */; };
		B384AA0E14762073003F0DD6 /* NSObject+SBJSON.m in Sources */ = {isa = PBXBuildFile; fileRef = B384AA0314762073003F0DD6 /* NSObject+SBJSON.m */; };
		B384AA0F14762073003F0DD6 /* NSString+SBJSON.m in Sources */ = {isa = PBXBuildFile; fileRef = B384AA0514762073003F0DD6 /* NSString+SBJSON.m */; };
		B384AA1014762073003F0DD6 /* SBJSON.m in Sources */ = {isa = PBXBuildFile; fileRef = B384AA0714762073003F0DD6 /* SBJSON.m */; };
		B384AA1114762073003F0DD6 /* SBJsonBase.m in Sources */ = {isa = PBXBuildFile; fileRef = B384AA0914762073003F0DD6 /* SBJsonBase.m */; };
		B384AA1214762073003F0DD6 /* SBJsonParser.m in Sources */ = {isa = PBXBuildFile; fileRef = B384AA0B14762073003F0DD6 /* SBJsonParser.m */; };
		B384AA1314762073003F0DD6 /* SBJsonWriter.m in Sources */ = {isa = PBXBuildFile; fileRef = B384AA0D14762073003F0DD6 /* SBJsonWriter.m */; };
		B384AA1514762275003F0DD6 /* libxml2.2.7.3.dylib in Frameworks */ = {isa = PBXBuildFile; fileRef = B384AA1414762275003F0DD6 /* libxml2.2.7.3.dylib */; };
		B384AA171476229A003F0DD6 /* CFNetwork.framework in Frameworks */ = {isa = PBXBuildFile; fileRef = B384AA161476229A003F0DD6 /* CFNetwork.framework */; };
		B384AA19147622AB003F0DD6 /* MobileCoreServices.framework in Frameworks */ = {isa = PBXBuildFile; fileRef = B384AA18147622AB003F0DD6 /* MobileCoreServices.framework */; };
		B384AA1D147622E2003F0DD6 /* libz.dylib in Frameworks */ = {isa = PBXBuildFile; fileRef = B384AA1C147622E2003F0DD6 /* libz.dylib */; };
		B384AA1F1476234D003F0DD6 /* SystemConfiguration.framework in Frameworks */ = {isa = PBXBuildFile; fileRef = B384AA1E1476234D003F0DD6 /* SystemConfiguration.framework */; };
		B384AA2914763508003F0DD6 /* EventCell.xib in Resources */ = {isa = PBXBuildFile; fileRef = B384AA2614763508003F0DD6 /* EventCell.xib */; };
		B384AA2A14763508003F0DD6 /* EventCell.m in Sources */ = {isa = PBXBuildFile; fileRef = B384AA2814763508003F0DD6 /* EventCell.m */; };
		B384AA2D147635C8003F0DD6 /* FirstViewController.m in Sources */ = {isa = PBXBuildFile; fileRef = B384AA2C147635C8003F0DD6 /* FirstViewController.m */; };
		B384AA30147635E5003F0DD6 /* SecondViewController.m in Sources */ = {isa = PBXBuildFile; fileRef = B384AA2F147635E5003F0DD6 /* SecondViewController.m */; };
		B384AA3314763601003F0DD6 /* alpha2AppDelegate.m in Sources */ = {isa = PBXBuildFile; fileRef = B384AA3214763601003F0DD6 /* alpha2AppDelegate.m */; };
		B384AA3514763636003F0DD6 /* main.m in Sources */ = {isa = PBXBuildFile; fileRef = B384AA3414763636003F0DD6 /* main.m */; };
		B384AA3814764C9F003F0DD6 /* aso_033.jpg in Resources */ = {isa = PBXBuildFile; fileRef = B384AA3714764C9F003F0DD6 /* aso_033.jpg */; };
		B384AA3A14765282003F0DD6 /* glossy-3d-blue-orbs2-108.ico in Resources */ = {isa = PBXBuildFile; fileRef = B384AA3914765282003F0DD6 /* glossy-3d-blue-orbs2-108.ico */; };
		B384AA3C147652D6003F0DD6 /* glossy_3d_blue_orbs2_108.png in Resources */ = {isa = PBXBuildFile; fileRef = B384AA3B147652D6003F0DD6 /* glossy_3d_blue_orbs2_108.png */; };
		B384AA41147655F2003F0DD6 /* ProfileView.m in Sources */ = {isa = PBXBuildFile; fileRef = B384AA3F147655F2003F0DD6 /* ProfileView.m */; };
		B384AA42147655F2003F0DD6 /* ProfileView.xib in Resources */ = {isa = PBXBuildFile; fileRef = B384AA40147655F2003F0DD6 /* ProfileView.xib */; };
		B384AA4414765885003F0DD6 /* tb_gear.png in Resources */ = {isa = PBXBuildFile; fileRef = B384AA4314765885003F0DD6 /* tb_gear.png */; };
		B384AA46147658EC003F0DD6 /* star.png in Resources */ = {isa = PBXBuildFile; fileRef = B384AA45147658EC003F0DD6 /* star.png */; };
		B384AA4814765920003F0DD6 /* star.ico in Resources */ = {isa = PBXBuildFile; fileRef = B384AA471476591F003F0DD6 /* star.ico */; };
		B384AA4C14765BF6003F0DD6 /* gimpa.png in Resources */ = {isa = PBXBuildFile; fileRef = B384AA4B14765BF6003F0DD6 /* gimpa.png */; };
		B384AA4E14765D36003F0DD6 /* gimpb.png in Resources */ = {isa = PBXBuildFile; fileRef = B384AA4D14765D36003F0DD6 /* gimpb.png */; };
		B384AA5014765E93003F0DD6 /* controlrs.png in Resources */ = {isa = PBXBuildFile; fileRef = B384AA4F14765E93003F0DD6 /* controlrs.png */; };
		B384AA52147661AD003F0DD6 /* gimpct.png in Resources */ = {isa = PBXBuildFile; fileRef = B384AA51147661AC003F0DD6 /* gimpct.png */; };
		B384AA571476E8A5003F0DD6 /* BuyView.m in Sources */ = {isa = PBXBuildFile; fileRef = B384AA551476E8A5003F0DD6 /* BuyView.m */; };
		B384AA581476E8A5003F0DD6 /* BuyView.xib in Resources */ = {isa = PBXBuildFile; fileRef = B384AA561476E8A5003F0DD6 /* BuyView.xib */; };
/* End PBXBuildFile section */

/* Begin PBXFileReference section */
		B321620B14773B7700C7EE05 /* djc1.png */ = {isa = PBXFileReference; lastKnownFileType = image.png; path = djc1.png; sourceTree = "<group>"; };
		B321620F14773BDE00C7EE05 /* SplashView.h */ = {isa = PBXFileReference; fileEncoding = 4; lastKnownFileType = sourcecode.c.h; path = SplashView.h; sourceTree = "<group>"; };
		B321621014773BDE00C7EE05 /* SplashView.m */ = {isa = PBXFileReference; fileEncoding = 4; lastKnownFileType = sourcecode.c.objc; path = SplashView.m; sourceTree = "<group>"; };
		B321621114773BDE00C7EE05 /* SplashView.xib */ = {isa = PBXFileReference; fileEncoding = 4; lastKnownFileType = file.xib; path = SplashView.xib; sourceTree = "<group>"; };
		B321621414773CFD00C7EE05 /* djc2.png */ = {isa = PBXFileReference; lastKnownFileType = image.png; path = djc2.png; sourceTree = "<group>"; };
		B352AD661477859200824ED1 /* EventView.h */ = {isa = PBXFileReference; fileEncoding = 4; lastKnownFileType = sourcecode.c.h; path = EventView.h; sourceTree = "<group>"; };
		B352AD671477859200824ED1 /* EventView.m */ = {isa = PBXFileReference; fileEncoding = 4; lastKnownFileType = sourcecode.c.objc; path = EventView.m; sourceTree = "<group>"; };
		B352AD681477859200824ED1 /* EventView.xib */ = {isa = PBXFileReference; fileEncoding = 4; lastKnownFileType = file.xib; path = EventView.xib; sourceTree = "<group>"; };
		B384A98914761B1A003F0DD6 /* alpha2.app */ = {isa = PBXFileReference; explicitFileType = wrapper.application; includeInIndex = 0; path = alpha2.app; sourceTree = BUILT_PRODUCTS_DIR; };
		B384A98D14761B1A003F0DD6 /* UIKit.framework */ = {isa = PBXFileReference; lastKnownFileType = wrapper.framework; name = UIKit.framework; path = System/Library/Frameworks/UIKit.framework; sourceTree = SDKROOT; };
		B384A98F14761B1A003F0DD6 /* Foundation.framework */ = {isa = PBXFileReference; lastKnownFileType = wrapper.framework; name = Foundation.framework; path = System/Library/Frameworks/Foundation.framework; sourceTree = SDKROOT; };
		B384A99114761B1A003F0DD6 /* CoreGraphics.framework */ = {isa = PBXFileReference; lastKnownFileType = wrapper.framework; name = CoreGraphics.framework; path = System/Library/Frameworks/CoreGraphics.framework; sourceTree = SDKROOT; };
		B384A99514761B1A003F0DD6 /* alpha2-Info.plist */ = {isa = PBXFileReference; lastKnownFileType = text.plist.xml; path = "alpha2-Info.plist"; sourceTree = "<group>"; };
		B384A99714761B1A003F0DD6 /* en */ = {isa = PBXFileReference; lastKnownFileType = text.plist.strings; name = en; path = en.lproj/InfoPlist.strings; sourceTree = "<group>"; };
		B384A99914761B1A003F0DD6 /* alpha2-Prefix.pch */ = {isa = PBXFileReference; lastKnownFileType = sourcecode.c.h; path = "alpha2-Prefix.pch"; sourceTree = "<group>"; };
		B384A9A014761B1A003F0DD6 /* en */ = {isa = PBXFileReference; lastKnownFileType = file.xib; name = en; path = en.lproj/MainWindow.xib; sourceTree = "<group>"; };
		B384A9A914761B1A003F0DD6 /* en */ = {isa = PBXFileReference; lastKnownFileType = file.xib; name = en; path = en.lproj/FirstView.xib; sourceTree = "<group>"; };
		B384A9AC14761B1A003F0DD6 /* en */ = {isa = PBXFileReference; lastKnownFileType = file.xib; name = en; path = en.lproj/SecondView.xib; sourceTree = "<group>"; };
		B384A9C214761CC1003F0DD6 /* UIImageForCell.h */ = {isa = PBXFileReference; fileEncoding = 4; lastKnownFileType = sourcecode.c.h; path = UIImageForCell.h; sourceTree = "<group>"; };
		B384A9C314761CC1003F0DD6 /* UIImageForCell.m */ = {isa = PBXFileReference; fileEncoding = 4; lastKnownFileType = sourcecode.c.objc; path = UIImageForCell.m; sourceTree = "<group>"; };
		B384A9C514761D04003F0DD6 /* Utility.h */ = {isa = PBXFileReference; fileEncoding = 4; lastKnownFileType = sourcecode.c.h; path = Utility.h; sourceTree = "<group>"; };
		B384A9C614761D04003F0DD6 /* Utility.m */ = {isa = PBXFileReference; fileEncoding = 4; lastKnownFileType = sourcecode.c.objc; path = Utility.m; sourceTree = "<group>"; };
		B384A9C914761D9E003F0DD6 /* Reachability.m */ = {isa = PBXFileReference; fileEncoding = 4; lastKnownFileType = sourcecode.c.objc; path = Reachability.m; sourceTree = "<group>"; };
		B384A9CA14761D9E003F0DD6 /* Reachability.h */ = {isa = PBXFileReference; fileEncoding = 4; lastKnownFileType = sourcecode.c.h; path = Reachability.h; sourceTree = "<group>"; };
		B384A9CB14761D9E003F0DD6 /* ASIAuthenticationDialog.h */ = {isa = PBXFileReference; fileEncoding = 4; lastKnownFileType = sourcecode.c.h; path = ASIAuthenticationDialog.h; sourceTree = "<group>"; };
		B384A9CC14761D9E003F0DD6 /* ASIAuthenticationDialog.m */ = {isa = PBXFileReference; fileEncoding = 4; lastKnownFileType = sourcecode.c.objc; path = ASIAuthenticationDialog.m; sourceTree = "<group>"; };
		B384A9CD14761D9E003F0DD6 /* ASICacheDelegate.h */ = {isa = PBXFileReference; fileEncoding = 4; lastKnownFileType = sourcecode.c.h; path = ASICacheDelegate.h; sourceTree = "<group>"; };
		B384A9CE14761D9E003F0DD6 /* ASIDataCompressor.h */ = {isa = PBXFileReference; fileEncoding = 4; lastKnownFileType = sourcecode.c.h; path = ASIDataCompressor.h; sourceTree = "<group>"; };
		B384A9CF14761D9E003F0DD6 /* ASIDataCompressor.m */ = {isa = PBXFileReference; fileEncoding = 4; lastKnownFileType = sourcecode.c.objc; path = ASIDataCompressor.m; sourceTree = "<group>"; };
		B384A9D014761D9E003F0DD6 /* ASIDataDecompressor.h */ = {isa = PBXFileReference; fileEncoding = 4; lastKnownFileType = sourcecode.c.h; path = ASIDataDecompressor.h; sourceTree = "<group>"; };
		B384A9D114761D9E003F0DD6 /* ASIDataDecompressor.m */ = {isa = PBXFileReference; fileEncoding = 4; lastKnownFileType = sourcecode.c.objc; path = ASIDataDecompressor.m; sourceTree = "<group>"; };
		B384A9D214761D9E003F0DD6 /* ASIDownloadCache.h */ = {isa = PBXFileReference; fileEncoding = 4; lastKnownFileType = sourcecode.c.h; path = ASIDownloadCache.h; sourceTree = "<group>"; };
		B384A9D314761D9E003F0DD6 /* ASIDownloadCache.m */ = {isa = PBXFileReference; fileEncoding = 4; lastKnownFileType = sourcecode.c.objc; path = ASIDownloadCache.m; sourceTree = "<group>"; };
		B384A9D414761D9E003F0DD6 /* ASIFormDataRequest.h */ = {isa = PBXFileReference; fileEncoding = 4; lastKnownFileType = sourcecode.c.h; path = ASIFormDataRequest.h; sourceTree = "<group>"; };
		B384A9D514761D9E003F0DD6 /* ASIFormDataRequest.m */ = {isa = PBXFileReference; fileEncoding = 4; lastKnownFileType = sourcecode.c.objc; path = ASIFormDataRequest.m; sourceTree = "<group>"; };
		B384A9D614761D9E003F0DD6 /* ASIHTTPRequest.h */ = {isa = PBXFileReference; fileEncoding = 4; lastKnownFileType = sourcecode.c.h; path = ASIHTTPRequest.h; sourceTree = "<group>"; };
		B384A9D714761D9E003F0DD6 /* ASIHTTPRequest.m */ = {isa = PBXFileReference; fileEncoding = 4; lastKnownFileType = sourcecode.c.objc; path = ASIHTTPRequest.m; sourceTree = "<group>"; };
		B384A9D814761D9E003F0DD6 /* ASIHTTPRequestConfig.h */ = {isa = PBXFileReference; fileEncoding = 4; lastKnownFileType = sourcecode.c.h; path = ASIHTTPRequestConfig.h; sourceTree = "<group>"; };
		B384A9D914761D9E003F0DD6 /* ASIHTTPRequestDelegate.h */ = {isa = PBXFileReference; fileEncoding = 4; lastKnownFileType = sourcecode.c.h; path = ASIHTTPRequestDelegate.h; sourceTree = "<group>"; };
		B384A9DA14761D9E003F0DD6 /* ASIInputStream.h */ = {isa = PBXFileReference; fileEncoding = 4; lastKnownFileType = sourcecode.c.h; path = ASIInputStream.h; sourceTree = "<group>"; };
		B384A9DB14761D9E003F0DD6 /* ASIInputStream.m */ = {isa = PBXFileReference; fileEncoding = 4; lastKnownFileType = sourcecode.c.objc; path = ASIInputStream.m; sourceTree = "<group>"; };
		B384A9DC14761D9E003F0DD6 /* ASINetworkQueue.h */ = {isa = PBXFileReference; fileEncoding = 4; lastKnownFileType = sourcecode.c.h; path = ASINetworkQueue.h; sourceTree = "<group>"; };
		B384A9DD14761D9E003F0DD6 /* ASINetworkQueue.m */ = {isa = PBXFileReference; fileEncoding = 4; lastKnownFileType = sourcecode.c.objc; path = ASINetworkQueue.m; sourceTree = "<group>"; };
		B384A9DE14761D9E003F0DD6 /* ASIProgressDelegate.h */ = {isa = PBXFileReference; fileEncoding = 4; lastKnownFileType = sourcecode.c.h; path = ASIProgressDelegate.h; sourceTree = "<group>"; };
		B384A9E814761DD8003F0DD6 /* DJCAPI.h */ = {isa = PBXFileReference; fileEncoding = 4; lastKnownFileType = sourcecode.c.h; path = DJCAPI.h; sourceTree = "<group>"; };
		B384A9E914761DD8003F0DD6 /* DJCAPI.m */ = {isa = PBXFileReference; fileEncoding = 4; lastKnownFileType = sourcecode.c.objc; path = DJCAPI.m; sourceTree = "<group>"; };
		B384A9EC14761ECD003F0DD6 /* Event.h */ = {isa = PBXFileReference; fileEncoding = 4; lastKnownFileType = sourcecode.c.h; path = Event.h; sourceTree = "<group>"; };
		B384A9ED14761ECD003F0DD6 /* Event.m */ = {isa = PBXFileReference; fileEncoding = 4; lastKnownFileType = sourcecode.c.objc; path = Event.m; sourceTree = "<group>"; };
		B384A9EF14761FB9003F0DD6 /* SimpleLocation.h */ = {isa = PBXFileReference; fileEncoding = 4; lastKnownFileType = sourcecode.c.h; path = SimpleLocation.h; sourceTree = "<group>"; };
		B384A9F014761FB9003F0DD6 /* SimpleLocation.m */ = {isa = PBXFileReference; fileEncoding = 4; lastKnownFileType = sourcecode.c.objc; path = SimpleLocation.m; sourceTree = "<group>"; };
		B384A9F214761FEC003F0DD6 /* CoreLocation.framework */ = {isa = PBXFileReference; lastKnownFileType = wrapper.framework; name = CoreLocation.framework; path = System/Library/Frameworks/CoreLocation.framework; sourceTree = SDKROOT; };
		B384A9F414761FF6003F0DD6 /* MapKit.framework */ = {isa = PBXFileReference; lastKnownFileType = wrapper.framework; name = MapKit.framework; path = System/Library/Frameworks/MapKit.framework; sourceTree = SDKROOT; };
		B384A9FD1476205D003F0DD6 /* JSONRPCService.h */ = {isa = PBXFileReference; fileEncoding = 4; lastKnownFileType = sourcecode.c.h; path = JSONRPCService.h; sourceTree = "<group>"; };
		B384A9FE1476205D003F0DD6 /* JSONRPCService.m */ = {isa = PBXFileReference; fileEncoding = 4; lastKnownFileType = sourcecode.c.objc; path = JSONRPCService.m; sourceTree = "<group>"; };
		B384AA0114762073003F0DD6 /* JSON.h */ = {isa = PBXFileReference; fileEncoding = 4; lastKnownFileType = sourcecode.c.h; path = JSON.h; sourceTree = "<group>"; };
		B384AA0214762073003F0DD6 /* NSObject+SBJSON.h */ = {isa = PBXFileReference; fileEncoding = 4; lastKnownFileType = sourcecode.c.h; path = "NSObject+SBJSON.h"; sourceTree = "<group>"; };
		B384AA0314762073003F0DD6 /* NSObject+SBJSON.m */ = {isa = PBXFileReference; fileEncoding = 4; lastKnownFileType = sourcecode.c.objc; path = "NSObject+SBJSON.m"; sourceTree = "<group>"; };
		B384AA0414762073003F0DD6 /* NSString+SBJSON.h */ = {isa = PBXFileReference; fileEncoding = 4; lastKnownFileType = sourcecode.c.h; path = "NSString+SBJSON.h"; sourceTree = "<group>"; };
		B384AA0514762073003F0DD6 /* NSString+SBJSON.m */ = {isa = PBXFileReference; fileEncoding = 4; lastKnownFileType = sourcecode.c.objc; path = "NSString+SBJSON.m"; sourceTree = "<group>"; };
		B384AA0614762073003F0DD6 /* SBJSON.h */ = {isa = PBXFileReference; fileEncoding = 4; lastKnownFileType = sourcecode.c.h; path = SBJSON.h; sourceTree = "<group>"; };
		B384AA0714762073003F0DD6 /* SBJSON.m */ = {isa = PBXFileReference; fileEncoding = 4; lastKnownFileType = sourcecode.c.objc; path = SBJSON.m; sourceTree = "<group>"; };
		B384AA0814762073003F0DD6 /* SBJsonBase.h */ = {isa = PBXFileReference; fileEncoding = 4; lastKnownFileType = sourcecode.c.h; path = SBJsonBase.h; sourceTree = "<group>"; };
		B384AA0914762073003F0DD6 /* SBJsonBase.m */ = {isa = PBXFileReference; fileEncoding = 4; lastKnownFileType = sourcecode.c.objc; path = SBJsonBase.m; sourceTree = "<group>"; };
		B384AA0A14762073003F0DD6 /* SBJsonParser.h */ = {isa = PBXFileReference; fileEncoding = 4; lastKnownFileType = sourcecode.c.h; path = SBJsonParser.h; sourceTree = "<group>"; };
		B384AA0B14762073003F0DD6 /* SBJsonParser.m */ = {isa = PBXFileReference; fileEncoding = 4; lastKnownFileType = sourcecode.c.objc; path = SBJsonParser.m; sourceTree = "<group>"; };
		B384AA0C14762073003F0DD6 /* SBJsonWriter.h */ = {isa = PBXFileReference; fileEncoding = 4; lastKnownFileType = sourcecode.c.h; path = SBJsonWriter.h; sourceTree = "<group>"; };
		B384AA0D14762073003F0DD6 /* SBJsonWriter.m */ = {isa = PBXFileReference; fileEncoding = 4; lastKnownFileType = sourcecode.c.objc; path = SBJsonWriter.m; sourceTree = "<group>"; };
		B384AA1414762275003F0DD6 /* libxml2.2.7.3.dylib */ = {isa = PBXFileReference; lastKnownFileType = "compiled.mach-o.dylib"; name = libxml2.2.7.3.dylib; path = usr/lib/libxml2.2.7.3.dylib; sourceTree = SDKROOT; };
		B384AA161476229A003F0DD6 /* CFNetwork.framework */ = {isa = PBXFileReference; lastKnownFileType = wrapper.framework; name = CFNetwork.framework; path = System/Library/Frameworks/CFNetwork.framework; sourceTree = SDKROOT; };
		B384AA18147622AB003F0DD6 /* MobileCoreServices.framework */ = {isa = PBXFileReference; lastKnownFileType = wrapper.framework; name = MobileCoreServices.framework; path = System/Library/Frameworks/MobileCoreServices.framework; sourceTree = SDKROOT; };
		B384AA1A147622B9003F0DD6 /* UIKit.framework */ = {isa = PBXFileReference; lastKnownFileType = wrapper.framework; name = UIKit.framework; path = System/Library/Frameworks/UIKit.framework; sourceTree = SDKROOT; };
		B384AA1B147622CB003F0DD6 /* CoreGraphics.framework */ = {isa = PBXFileReference; lastKnownFileType = wrapper.framework; name = CoreGraphics.framework; path = System/Library/Frameworks/CoreGraphics.framework; sourceTree = SDKROOT; };
		B384AA1C147622E2003F0DD6 /* libz.dylib */ = {isa = PBXFileReference; lastKnownFileType = "compiled.mach-o.dylib"; name = libz.dylib; path = usr/lib/libz.dylib; sourceTree = SDKROOT; };
		B384AA1E1476234D003F0DD6 /* SystemConfiguration.framework */ = {isa = PBXFileReference; lastKnownFileType = wrapper.framework; name = SystemConfiguration.framework; path = System/Library/Frameworks/SystemConfiguration.framework; sourceTree = SDKROOT; };
		B384AA2614763508003F0DD6 /* EventCell.xib */ = {isa = PBXFileReference; fileEncoding = 4; lastKnownFileType = file.xib; path = EventCell.xib; sourceTree = "<group>"; };
		B384AA2714763508003F0DD6 /* EventCell.h */ = {isa = PBXFileReference; fileEncoding = 4; lastKnownFileType = sourcecode.c.h; path = EventCell.h; sourceTree = "<group>"; };
		B384AA2814763508003F0DD6 /* EventCell.m */ = {isa = PBXFileReference; fileEncoding = 4; lastKnownFileType = sourcecode.c.objc; path = EventCell.m; sourceTree = "<group>"; };
		B384AA2B147635C8003F0DD6 /* FirstViewController.h */ = {isa = PBXFileReference; fileEncoding = 4; lastKnownFileType = sourcecode.c.h; path = FirstViewController.h; sourceTree = "<group>"; };
		B384AA2C147635C8003F0DD6 /* FirstViewController.m */ = {isa = PBXFileReference; fileEncoding = 4; lastKnownFileType = sourcecode.c.objc; path = FirstViewController.m; sourceTree = "<group>"; };
		B384AA2E147635E5003F0DD6 /* SecondViewController.h */ = {isa = PBXFileReference; fileEncoding = 4; lastKnownFileType = sourcecode.c.h; path = SecondViewController.h; sourceTree = "<group>"; };
		B384AA2F147635E5003F0DD6 /* SecondViewController.m */ = {isa = PBXFileReference; fileEncoding = 4; lastKnownFileType = sourcecode.c.objc; path = SecondViewController.m; sourceTree = "<group>"; };
		B384AA3114763601003F0DD6 /* alpha2AppDelegate.h */ = {isa = PBXFileReference; fileEncoding = 4; lastKnownFileType = sourcecode.c.h; path = alpha2AppDelegate.h; sourceTree = "<group>"; };
		B384AA3214763601003F0DD6 /* alpha2AppDelegate.m */ = {isa = PBXFileReference; fileEncoding = 4; lastKnownFileType = sourcecode.c.objc; path = alpha2AppDelegate.m; sourceTree = "<group>"; };
		B384AA3414763636003F0DD6 /* main.m */ = {isa = PBXFileReference; fileEncoding = 4; lastKnownFileType = sourcecode.c.objc; path = main.m; sourceTree = "<group>"; };
		B384AA3714764C9F003F0DD6 /* aso_033.jpg */ = {isa = PBXFileReference; lastKnownFileType = image.jpeg; path = aso_033.jpg; sourceTree = "<group>"; };
		B384AA3914765282003F0DD6 /* glossy-3d-blue-orbs2-108.ico */ = {isa = PBXFileReference; lastKnownFileType = image.ico; path = "glossy-3d-blue-orbs2-108.ico"; sourceTree = "<group>"; };
		B384AA3B147652D6003F0DD6 /* glossy_3d_blue_orbs2_108.png */ = {isa = PBXFileReference; lastKnownFileType = image.png; path = glossy_3d_blue_orbs2_108.png; sourceTree = "<group>"; };
		B384AA3E147655F2003F0DD6 /* ProfileView.h */ = {isa = PBXFileReference; fileEncoding = 4; lastKnownFileType = sourcecode.c.h; path = ProfileView.h; sourceTree = "<group>"; };
		B384AA3F147655F2003F0DD6 /* ProfileView.m */ = {isa = PBXFileReference; fileEncoding = 4; lastKnownFileType = sourcecode.c.objc; path = ProfileView.m; sourceTree = "<group>"; };
		B384AA40147655F2003F0DD6 /* ProfileView.xib */ = {isa = PBXFileReference; fileEncoding = 4; lastKnownFileType = file.xib; path = ProfileView.xib; sourceTree = "<group>"; };
		B384AA4314765885003F0DD6 /* tb_gear.png */ = {isa = PBXFileReference; lastKnownFileType = image.png; path = tb_gear.png; sourceTree = "<group>"; };
		B384AA45147658EC003F0DD6 /* star.png */ = {isa = PBXFileReference; lastKnownFileType = image.png; path = star.png; sourceTree = "<group>"; };
		B384AA471476591F003F0DD6 /* star.ico */ = {isa = PBXFileReference; lastKnownFileType = image.ico; path = star.ico; sourceTree = "<group>"; };
		B384AA4B14765BF6003F0DD6 /* gimpa.png */ = {isa = PBXFileReference; lastKnownFileType = image.png; path = gimpa.png; sourceTree = "<group>"; };
		B384AA4D14765D36003F0DD6 /* gimpb.png */ = {isa = PBXFileReference; lastKnownFileType = image.png; path = gimpb.png; sourceTree = "<group>"; };
		B384AA4F14765E93003F0DD6 /* controlrs.png */ = {isa = PBXFileReference; lastKnownFileType = image.png; path = controlrs.png; sourceTree = "<group>"; };
		B384AA51147661AC003F0DD6 /* gimpct.png */ = {isa = PBXFileReference; lastKnownFileType = image.png; path = gimpct.png; sourceTree = "<group>"; };
		B384AA541476E8A5003F0DD6 /* BuyView.h */ = {isa = PBXFileReference; fileEncoding = 4; lastKnownFileType = sourcecode.c.h; path = BuyView.h; sourceTree = "<group>"; };
		B384AA551476E8A5003F0DD6 /* BuyView.m */ = {isa = PBXFileReference; fileEncoding = 4; lastKnownFileType = sourcecode.c.objc; path = BuyView.m; sourceTree = "<group>"; };
		B384AA561476E8A5003F0DD6 /* BuyView.xib */ = {isa = PBXFileReference; fileEncoding = 4; lastKnownFileType = file.xib; path = BuyView.xib; sourceTree = "<group>"; };
/* End PBXFileReference section */

/* Begin PBXFrameworksBuildPhase section */
		B384A98614761B1A003F0DD6 /* Frameworks */ = {
			isa = PBXFrameworksBuildPhase;
			buildActionMask = 2147483647;
			files = (
				B384AA1F1476234D003F0DD6 /* SystemConfiguration.framework in Frameworks */,
				B384AA1D147622E2003F0DD6 /* libz.dylib in Frameworks */,
				B384A99214761B1A003F0DD6 /* CoreGraphics.framework in Frameworks */,
				B384A98E14761B1A003F0DD6 /* UIKit.framework in Frameworks */,
				B384AA19147622AB003F0DD6 /* MobileCoreServices.framework in Frameworks */,
				B384AA171476229A003F0DD6 /* CFNetwork.framework in Frameworks */,
				B384AA1514762275003F0DD6 /* libxml2.2.7.3.dylib in Frameworks */,
				B384A9F514761FF6003F0DD6 /* MapKit.framework in Frameworks */,
				B384A9F314761FEC003F0DD6 /* CoreLocation.framework in Frameworks */,
				B384A99014761B1A003F0DD6 /* Foundation.framework in Frameworks */,
			);
			runOnlyForDeploymentPostprocessing = 0;
		};
/* End PBXFrameworksBuildPhase section */

/* Begin PBXGroup section */
		B321620E14773B8E00C7EE05 /* splash */ = {
			isa = PBXGroup;
			children = (
				B321620F14773BDE00C7EE05 /* SplashView.h */,
				B321621014773BDE00C7EE05 /* SplashView.m */,
				B321621114773BDE00C7EE05 /* SplashView.xib */,
			);
			name = splash;
			sourceTree = "<group>";
		};
		B352AD641477858100824ED1 /* event */ = {
			isa = PBXGroup;
			children = (
				B352AD661477859200824ED1 /* EventView.h */,
				B352AD671477859200824ED1 /* EventView.m */,
				B352AD681477859200824ED1 /* EventView.xib */,
			);
			name = event;
			sourceTree = "<group>";
		};
		B384A97E14761B1A003F0DD6 = {
			isa = PBXGroup;
			children = (
				B352AD641477858100824ED1 /* event */,
				B321620E14773B8E00C7EE05 /* splash */,
				B384AA531476E894003F0DD6 /* buy */,
				B384AA3D147655D8003F0DD6 /* profile */,
				B384AA3614764C8B003F0DD6 /* images */,
				B384A9F61476201E003F0DD6 /* JSONRPC */,
				B384A9EB14761EB0003F0DD6 /* data */,
				B384A9C814761D32003F0DD6 /* ASI */,
				B384A9B914761C7B003F0DD6 /* api */,
				B384A9B514761C59003F0DD6 /* Utility */,
				B384A9B414761BF6003F0DD6 /* search */,
				B384A9B314761BDD003F0DD6 /* events */,
				B384A99314761B1A003F0DD6 /* main */,
				B384A98C14761B1A003F0DD6 /* Frameworks */,
				B384A98A14761B1A003F0DD6 /* Products */,
			);
			sourceTree = "<group>";
		};
		B384A98A14761B1A003F0DD6 /* Products */ = {
			isa = PBXGroup;
			children = (
				B384A98914761B1A003F0DD6 /* alpha2.app */,
			);
			name = Products;
			sourceTree = "<group>";
		};
		B384A98C14761B1A003F0DD6 /* Frameworks */ = {
			isa = PBXGroup;
			children = (
				B384AA1E1476234D003F0DD6 /* SystemConfiguration.framework */,
				B384AA1C147622E2003F0DD6 /* libz.dylib */,
				B384AA1B147622CB003F0DD6 /* CoreGraphics.framework */,
				B384AA1A147622B9003F0DD6 /* UIKit.framework */,
				B384AA18147622AB003F0DD6 /* MobileCoreServices.framework */,
				B384AA161476229A003F0DD6 /* CFNetwork.framework */,
				B384AA1414762275003F0DD6 /* libxml2.2.7.3.dylib */,
				B384A9F414761FF6003F0DD6 /* MapKit.framework */,
				B384A9F214761FEC003F0DD6 /* CoreLocation.framework */,
				B384A98D14761B1A003F0DD6 /* UIKit.framework */,
				B384A98F14761B1A003F0DD6 /* Foundation.framework */,
				B384A99114761B1A003F0DD6 /* CoreGraphics.framework */,
			);
			name = Frameworks;
			sourceTree = "<group>";
		};
		B384A99314761B1A003F0DD6 /* main */ = {
			isa = PBXGroup;
			children = (
				B384AA3114763601003F0DD6 /* alpha2AppDelegate.h */,
				B384AA3214763601003F0DD6 /* alpha2AppDelegate.m */,
				B384A99F14761B1A003F0DD6 /* MainWindow.xib */,
				B384A99414761B1A003F0DD6 /* Supporting Files */,
			);
			name = main;
			path = alpha2;
			sourceTree = "<group>";
		};
		B384A99414761B1A003F0DD6 /* Supporting Files */ = {
			isa = PBXGroup;
			children = (
				B384AA3414763636003F0DD6 /* main.m */,
				B384A99514761B1A003F0DD6 /* alpha2-Info.plist */,
				B384A99614761B1A003F0DD6 /* InfoPlist.strings */,
				B384A99914761B1A003F0DD6 /* alpha2-Prefix.pch */,
			);
			name = "Supporting Files";
			sourceTree = "<group>";
		};
		B384A9B314761BDD003F0DD6 /* events */ = {
			isa = PBXGroup;
			children = (
				B384AA2B147635C8003F0DD6 /* FirstViewController.h */,
				B384AA2C147635C8003F0DD6 /* FirstViewController.m */,
				B384A9A814761B1A003F0DD6 /* FirstView.xib */,
				B384AA20147631C2003F0DD6 /* EventCell */,
				B384A9EF14761FB9003F0DD6 /* SimpleLocation.h */,
				B384A9F014761FB9003F0DD6 /* SimpleLocation.m */,
			);
			name = events;
			sourceTree = "<group>";
		};
		B384A9B414761BF6003F0DD6 /* search */ = {
			isa = PBXGroup;
			children = (
				B384AA2E147635E5003F0DD6 /* SecondViewController.h */,
				B384AA2F147635E5003F0DD6 /* SecondViewController.m */,
				B384A9AB14761B1A003F0DD6 /* SecondView.xib */,
			);
			name = search;
			sourceTree = "<group>";
		};
		B384A9B514761C59003F0DD6 /* Utility */ = {
			isa = PBXGroup;
			children = (
				B384A9C514761D04003F0DD6 /* Utility.h */,
				B384A9C614761D04003F0DD6 /* Utility.m */,
			);
			name = Utility;
			sourceTree = "<group>";
		};
		B384A9B914761C7B003F0DD6 /* api */ = {
			isa = PBXGroup;
			children = (
				B384A9E814761DD8003F0DD6 /* DJCAPI.h */,
				B384A9E914761DD8003F0DD6 /* DJCAPI.m */,
				B384A9C214761CC1003F0DD6 /* UIImageForCell.h */,
				B384A9C314761CC1003F0DD6 /* UIImageForCell.m */,
			);
			name = api;
			sourceTree = "<group>";
		};
		B384A9C814761D32003F0DD6 /* ASI */ = {
			isa = PBXGroup;
			children = (
				B384A9C914761D9E003F0DD6 /* Reachability.m */,
				B384A9CA14761D9E003F0DD6 /* Reachability.h */,
				B384A9CB14761D9E003F0DD6 /* ASIAuthenticationDialog.h */,
				B384A9CC14761D9E003F0DD6 /* ASIAuthenticationDialog.m */,
				B384A9CD14761D9E003F0DD6 /* ASICacheDelegate.h */,
				B384A9CE14761D9E003F0DD6 /* ASIDataCompressor.h */,
				B384A9CF14761D9E003F0DD6 /* ASIDataCompressor.m */,
				B384A9D014761D9E003F0DD6 /* ASIDataDecompressor.h */,
				B384A9D114761D9E003F0DD6 /* ASIDataDecompressor.m */,
				B384A9D214761D9E003F0DD6 /* ASIDownloadCache.h */,
				B384A9D314761D9E003F0DD6 /* ASIDownloadCache.m */,
				B384A9D414761D9E003F0DD6 /* ASIFormDataRequest.h */,
				B384A9D514761D9E003F0DD6 /* ASIFormDataRequest.m */,
				B384A9D614761D9E003F0DD6 /* ASIHTTPRequest.h */,
				B384A9D714761D9E003F0DD6 /* ASIHTTPRequest.m */,
				B384A9D814761D9E003F0DD6 /* ASIHTTPRequestConfig.h */,
				B384A9D914761D9E003F0DD6 /* ASIHTTPRequestDelegate.h */,
				B384A9DA14761D9E003F0DD6 /* ASIInputStream.h */,
				B384A9DB14761D9E003F0DD6 /* ASIInputStream.m */,
				B384A9DC14761D9E003F0DD6 /* ASINetworkQueue.h */,
				B384A9DD14761D9E003F0DD6 /* ASINetworkQueue.m */,
				B384A9DE14761D9E003F0DD6 /* ASIProgressDelegate.h */,
			);
			name = ASI;
			sourceTree = "<group>";
		};
		B384A9EB14761EB0003F0DD6 /* data */ = {
			isa = PBXGroup;
			children = (
				B384A9EC14761ECD003F0DD6 /* Event.h */,
				B384A9ED14761ECD003F0DD6 /* Event.m */,
			);
			name = data;
			sourceTree = "<group>";
		};
		B384A9F61476201E003F0DD6 /* JSONRPC */ = {
			isa = PBXGroup;
			children = (
				B384AA0014762061003F0DD6 /* JSON */,
				B384A9FD1476205D003F0DD6 /* JSONRPCService.h */,
				B384A9FE1476205D003F0DD6 /* JSONRPCService.m */,
			);
			name = JSONRPC;
			sourceTree = "<group>";
		};
		B384AA0014762061003F0DD6 /* JSON */ = {
			isa = PBXGroup;
			children = (
				B384AA0114762073003F0DD6 /* JSON.h */,
				B384AA0214762073003F0DD6 /* NSObject+SBJSON.h */,
				B384AA0314762073003F0DD6 /* NSObject+SBJSON.m */,
				B384AA0414762073003F0DD6 /* NSString+SBJSON.h */,
				B384AA0514762073003F0DD6 /* NSString+SBJSON.m */,
				B384AA0614762073003F0DD6 /* SBJSON.h */,
				B384AA0714762073003F0DD6 /* SBJSON.m */,
				B384AA0814762073003F0DD6 /* SBJsonBase.h */,
				B384AA0914762073003F0DD6 /* SBJsonBase.m */,
				B384AA0A14762073003F0DD6 /* SBJsonParser.h */,
				B384AA0B14762073003F0DD6 /* SBJsonParser.m */,
				B384AA0C14762073003F0DD6 /* SBJsonWriter.h */,
				B384AA0D14762073003F0DD6 /* SBJsonWriter.m */,
			);
			name = JSON;
			sourceTree = "<group>";
		};
		B384AA20147631C2003F0DD6 /* EventCell */ = {
			isa = PBXGroup;
			children = (
				B384AA2614763508003F0DD6 /* EventCell.xib */,
				B384AA2714763508003F0DD6 /* EventCell.h */,
				B384AA2814763508003F0DD6 /* EventCell.m */,
			);
			name = EventCell;
			sourceTree = "<group>";
		};
		B384AA3614764C8B003F0DD6 /* images */ = {
			isa = PBXGroup;
			children = (
				B321621414773CFD00C7EE05 /* djc2.png */,
				B321620B14773B7700C7EE05 /* djc1.png */,
				B384AA51147661AC003F0DD6 /* gimpct.png */,
				B384AA4F14765E93003F0DD6 /* controlrs.png */,
				B384AA4D14765D36003F0DD6 /* gimpb.png */,
				B384AA4B14765BF6003F0DD6 /* gimpa.png */,
				B384AA471476591F003F0DD6 /* star.ico */,
				B384AA45147658EC003F0DD6 /* star.png */,
				B384AA4314765885003F0DD6 /* tb_gear.png */,
				B384AA3B147652D6003F0DD6 /* glossy_3d_blue_orbs2_108.png */,
				B384AA3914765282003F0DD6 /* glossy-3d-blue-orbs2-108.ico */,
				B384AA3714764C9F003F0DD6 /* aso_033.jpg */,
			);
			name = images;
			sourceTree = "<group>";
		};
		B384AA3D147655D8003F0DD6 /* profile */ = {
			isa = PBXGroup;
			children = (
				B384AA3E147655F2003F0DD6 /* ProfileView.h */,
				B384AA3F147655F2003F0DD6 /* ProfileView.m */,
				B384AA40147655F2003F0DD6 /* ProfileView.xib */,
			);
			name = profile;
			sourceTree = "<group>";
		};
		B384AA531476E894003F0DD6 /* buy */ = {
			isa = PBXGroup;
			children = (
				B384AA541476E8A5003F0DD6 /* BuyView.h */,
				B384AA551476E8A5003F0DD6 /* BuyView.m */,
				B384AA561476E8A5003F0DD6 /* BuyView.xib */,
			);
			name = buy;
			sourceTree = "<group>";
		};
/* End PBXGroup section */

/* Begin PBXNativeTarget section */
		B384A98814761B1A003F0DD6 /* alpha2 */ = {
			isa = PBXNativeTarget;
			buildConfigurationList = B384A9B014761B1A003F0DD6 /* Build configuration list for PBXNativeTarget "alpha2" */;
			buildPhases = (
				B384A98514761B1A003F0DD6 /* Sources */,
				B384A98614761B1A003F0DD6 /* Frameworks */,
				B384A98714761B1A003F0DD6 /* Resources */,
			);
			buildRules = (
			);
			dependencies = (
			);
			name = alpha2;
			productName = alpha2;
			productReference = B384A98914761B1A003F0DD6 /* alpha2.app */;
			productType = "com.apple.product-type.application";
		};
/* End PBXNativeTarget section */

/* Begin PBXProject section */
		B384A98014761B1A003F0DD6 /* Project object */ = {
			isa = PBXProject;
			attributes = {
				LastUpgradeCheck = 0420;
			};
			buildConfigurationList = B384A98314761B1A003F0DD6 /* Build configuration list for PBXProject "alpha2" */;
			compatibilityVersion = "Xcode 3.2";
			developmentRegion = English;
			hasScannedForEncodings = 0;
			knownRegions = (
				en,
			);
			mainGroup = B384A97E14761B1A003F0DD6;
			productRefGroup = B384A98A14761B1A003F0DD6 /* Products */;
			projectDirPath = "";
			projectRoot = "";
			targets = (
				B384A98814761B1A003F0DD6 /* alpha2 */,
			);
		};
/* End PBXProject section */

/* Begin PBXResourcesBuildPhase section */
		B384A98714761B1A003F0DD6 /* Resources */ = {
			isa = PBXResourcesBuildPhase;
			buildActionMask = 2147483647;
			files = (
				B384A99814761B1A003F0DD6 /* InfoPlist.strings in Resources */,
				B384A9A114761B1A003F0DD6 /* MainWindow.xib in Resources */,
				B384A9AA14761B1A003F0DD6 /* FirstView.xib in Resources */,
				B384A9AD14761B1A003F0DD6 /* SecondView.xib in Resources */,
				B384AA2914763508003F0DD6 /* EventCell.xib in Resources */,
				B384AA3814764C9F003F0DD6 /* aso_033.jpg in Resources */,
				B384AA3A14765282003F0DD6 /* glossy-3d-blue-orbs2-108.ico in Resources */,
				B384AA3C147652D6003F0DD6 /* glossy_3d_blue_orbs2_108.png in Resources */,
				B384AA42147655F2003F0DD6 /* ProfileView.xib in Resources */,
				B384AA4414765885003F0DD6 /* tb_gear.png in Resources */,
				B384AA46147658EC003F0DD6 /* star.png in Resources */,
				B384AA4814765920003F0DD6 /* star.ico in Resources */,
				B384AA4C14765BF6003F0DD6 /* gimpa.png in Resources */,
				B384AA4E14765D36003F0DD6 /* gimpb.png in Resources */,
				B384AA5014765E93003F0DD6 /* controlrs.png in Resources */,
				B384AA52147661AD003F0DD6 /* gimpct.png in Resources */,
				B384AA581476E8A5003F0DD6 /* BuyView.xib in Resources */,
				B321620C14773B7700C7EE05 /* djc1.png in Resources */,
				B321621314773BDE00C7EE05 /* SplashView.xib in Resources */,
				B321621514773CFD00C7EE05 /* djc2.png in Resources */,
				B352AD6A1477859200824ED1 /* EventView.xib in Resources */,
			);
			runOnlyForDeploymentPostprocessing = 0;
		};
/* End PBXResourcesBuildPhase section */

/* Begin PBXSourcesBuildPhase section */
		B384A98514761B1A003F0DD6 /* Sources */ = {
			isa = PBXSourcesBuildPhase;
			buildActionMask = 2147483647;
			files = (
				B384A9C414761CC1003F0DD6 /* UIImageForCell.m in Sources */,
				B384A9C714761D04003F0DD6 /* Utility.m in Sources */,
				B384A9DF14761D9E003F0DD6 /* Reachability.m in Sources */,
				B384A9E014761D9E003F0DD6 /* ASIAuthenticationDialog.m in Sources */,
				B384A9E114761D9E003F0DD6 /* ASIDataCompressor.m in Sources */,
				B384A9E214761D9E003F0DD6 /* ASIDataDecompressor.m in Sources */,
				B384A9E314761D9E003F0DD6 /* ASIDownloadCache.m in Sources */,
				B384A9E414761D9E003F0DD6 /* ASIFormDataRequest.m in Sources */,
				B384A9E514761D9E003F0DD6 /* ASIHTTPRequest.m in Sources */,
				B384A9E614761D9E003F0DD6 /* ASIInputStream.m in Sources */,
				B384A9E714761D9E003F0DD6 /* ASINetworkQueue.m in Sources */,
				B384A9EA14761DD8003F0DD6 /* DJCAPI.m in Sources */,
				B384A9EE14761ECD003F0DD6 /* Event.m in Sources */,
				B384A9F114761FB9003F0DD6 /* SimpleLocation.m in Sources */,
				B384A9FF1476205D003F0DD6 /* JSONRPCService.m in Sources */,
				B384AA0E14762073003F0DD6 /* NSObject+SBJSON.m in Sources */,
				B384AA0F14762073003F0DD6 /* NSString+SBJSON.m in Sources */,
				B384AA1014762073003F0DD6 /* SBJSON.m in Sources */,
				B384AA1114762073003F0DD6 /* SBJsonBase.m in Sources */,
				B384AA1214762073003F0DD6 /* SBJsonParser.m in Sources */,
				B384AA1314762073003F0DD6 /* SBJsonWriter.m in Sources */,
				B384AA2A14763508003F0DD6 /* EventCell.m in Sources */,
				B384AA2D147635C8003F0DD6 /* FirstViewController.m in Sources */,
				B384AA30147635E5003F0DD6 /* SecondViewController.m in Sources */,
				B384AA3314763601003F0DD6 /* alpha2AppDelegate.m in Sources */,
				B384AA3514763636003F0DD6 /* main.m in Sources */,
				B384AA41147655F2003F0DD6 /* ProfileView.m in Sources */,
				B384AA571476E8A5003F0DD6 /* BuyView.m in Sources */,
				B321621214773BDE00C7EE05 /* SplashView.m in Sources */,
				B352AD691477859200824ED1 /* EventView.m in Sources */,
			);
			runOnlyForDeploymentPostprocessing = 0;
		};
/* End PBXSourcesBuildPhase section */

/* Begin PBXVariantGroup section */
		B384A99614761B1A003F0DD6 /* InfoPlist.strings */ = {
			isa = PBXVariantGroup;
			children = (
				B384A99714761B1A003F0DD6 /* en */,
			);
			name = InfoPlist.strings;
			sourceTree = "<group>";
		};
		B384A99F14761B1A003F0DD6 /* MainWindow.xib */ = {
			isa = PBXVariantGroup;
			children = (
				B384A9A014761B1A003F0DD6 /* en */,
			);
			name = MainWindow.xib;
			sourceTree = "<group>";
		};
		B384A9A814761B1A003F0DD6 /* FirstView.xib */ = {
			isa = PBXVariantGroup;
			children = (
				B384A9A914761B1A003F0DD6 /* en */,
			);
			name = FirstView.xib;
			path = alpha2;
			sourceTree = "<group>";
		};
		B384A9AB14761B1A003F0DD6 /* SecondView.xib */ = {
			isa = PBXVariantGroup;
			children = (
				B384A9AC14761B1A003F0DD6 /* en */,
			);
			name = SecondView.xib;
			path = alpha2;
			sourceTree = "<group>";
		};
/* End PBXVariantGroup section */

/* Begin XCBuildConfiguration section */
		B384A9AE14761B1A003F0DD6 /* Debug */ = {
			isa = XCBuildConfiguration;
			buildSettings = {
				ARCHS = "$(ARCHS_STANDARD_32_BIT)";
				"CODE_SIGN_IDENTITY[sdk=iphoneos*]" = "iPhone Developer";
				GCC_C_LANGUAGE_STANDARD = gnu99;
				GCC_OPTIMIZATION_LEVEL = 0;
				GCC_PREPROCESSOR_DEFINITIONS = DEBUG;
				GCC_SYMBOLS_PRIVATE_EXTERN = NO;
				GCC_VERSION = com.apple.compilers.llvmgcc42;
				GCC_WARN_ABOUT_RETURN_TYPE = YES;
				GCC_WARN_UNUSED_VARIABLE = YES;
				IPHONEOS_DEPLOYMENT_TARGET = 4.3;
				PRODUCT_NAME = DJsCorner;
				SDKROOT = iphoneos;
			};
			name = Debug;
		};
		B384A9AF14761B1A003F0DD6 /* Release */ = {
			isa = XCBuildConfiguration;
			buildSettings = {
				ARCHS = "$(ARCHS_STANDARD_32_BIT)";
				"CODE_SIGN_IDENTITY[sdk=iphoneos*]" = "iPhone Developer";
				GCC_C_LANGUAGE_STANDARD = gnu99;
				GCC_VERSION = com.apple.compilers.llvmgcc42;
				GCC_WARN_ABOUT_RETURN_TYPE = YES;
				GCC_WARN_UNUSED_VARIABLE = YES;
				IPHONEOS_DEPLOYMENT_TARGET = 4.3;
				OTHER_CFLAGS = "-DNS_BLOCK_ASSERTIONS=1";
				PRODUCT_NAME = DJsCorner;
				SDKROOT = iphoneos;
			};
			name = Release;
		};
		B384A9B114761B1A003F0DD6 /* Debug */ = {
			isa = XCBuildConfiguration;
			buildSettings = {
				ALWAYS_SEARCH_USER_PATHS = NO;
				COPY_PHASE_STRIP = NO;
				GCC_DYNAMIC_NO_PIC = NO;
				GCC_PRECOMPILE_PREFIX_HEADER = YES;
				GCC_PREFIX_HEADER = "alpha2/alpha2-Prefix.pch";
				GCC_VERSION = com.apple.compilers.llvm.clang.1_0;
				INFOPLIST_FILE = "alpha2/alpha2-Info.plist";
				PRODUCT_NAME = "$(TARGET_NAME)";
				WRAPPER_EXTENSION = app;
			};
			name = Debug;
		};
		B384A9B214761B1A003F0DD6 /* Release */ = {
			isa = XCBuildConfiguration;
			buildSettings = {
				ALWAYS_SEARCH_USER_PATHS = NO;
				COPY_PHASE_STRIP = YES;
				GCC_PRECOMPILE_PREFIX_HEADER = YES;
				GCC_PREFIX_HEADER = "alpha2/alpha2-Prefix.pch";
				GCC_VERSION = com.apple.compilers.llvm.clang.1_0;
				INFOPLIST_FILE = "alpha2/alpha2-Info.plist";
				PRODUCT_NAME = "$(TARGET_NAME)";
				VALIDATE_PRODUCT = YES;
				WRAPPER_EXTENSION = app;
			};
			name = Release;
		};
/* End XCBuildConfiguration section */

/* Begin XCConfigurationList section */
		B384A98314761B1A003F0DD6 /* Build configuration list for PBXProject "alpha2" */ = {
			isa = XCConfigurationList;
			buildConfigurations = (
				B384A9AE14761B1A003F0DD6 /* Debug */,
				B384A9AF14761B1A003F0DD6 /* Release */,
			);
			defaultConfigurationIsVisible = 0;
			defaultConfigurationName = Release;
		};
		B384A9B014761B1A003F0DD6 /* Build configuration list for PBXNativeTarget "alpha2" */ = {
			isa = XCConfigurationList;
			buildConfigurations = (
				B384A9B114761B1A003F0DD6 /* Debug */,
				B384A9B214761B1A003F0DD6 /* Release */,
			);
			defaultConfigurationIsVisible = 0;
			defaultConfigurationName = Release;
		};
/* End XCConfigurationList section */
	};
	rootObject = B384A98014761B1A003F0DD6 /* Project object */;
}
