// !$*UTF8*$!
{
	archiveVersion = 1;
	classes = {
	};
	objectVersion = 46;
	objects = {

/* Begin PBXBuildFile section */
		B377B9711478BC6B000611CF /* UIKit.framework in Frameworks */ = {isa = PBXBuildFile; fileRef = B377B9701478BC6B000611CF /* UIKit.framework */; };
		B377B9731478BC6B000611CF /* Foundation.framework in Frameworks */ = {isa = PBXBuildFile; fileRef = B377B9721478BC6B000611CF /* Foundation.framework */; };
		B377B9751478BC6B000611CF /* CoreGraphics.framework in Frameworks */ = {isa = PBXBuildFile; fileRef = B377B9741478BC6B000611CF /* CoreGraphics.framework */; };
		B377B97B1478BC6B000611CF /* InfoPlist.strings in Resources */ = {isa = PBXBuildFile; fileRef = B377B9791478BC6B000611CF /* InfoPlist.strings */; };
		B377B97D1478BC6B000611CF /* main.m in Sources */ = {isa = PBXBuildFile; fileRef = B377B97C1478BC6B000611CF /* main.m */; };
		B377B9811478BC6B000611CF /* AppDelegate.m in Sources */ = {isa = PBXBuildFile; fileRef = B377B9801478BC6B000611CF /* AppDelegate.m */; };
/* End PBXBuildFile section */

/* Begin PBXFileReference section */
		B377B96C1478BC6B000611CF /* alpha2.app */ = {isa = PBXFileReference; explicitFileType = wrapper.application; includeInIndex = 0; path = alpha2.app; sourceTree = BUILT_PRODUCTS_DIR; };
		B377B9701478BC6B000611CF /* UIKit.framework */ = {isa = PBXFileReference; lastKnownFileType = wrapper.framework; name = UIKit.framework; path = System/Library/Frameworks/UIKit.framework; sourceTree = SDKROOT; };
		B377B9721478BC6B000611CF /* Foundation.framework */ = {isa = PBXFileReference; lastKnownFileType = wrapper.framework; name = Foundation.framework; path = System/Library/Frameworks/Foundation.framework; sourceTree = SDKROOT; };
		B377B9741478BC6B000611CF /* CoreGraphics.framework */ = {isa = PBXFileReference; lastKnownFileType = wrapper.framework; name = CoreGraphics.framework; path = System/Library/Frameworks/CoreGraphics.framework; sourceTree = SDKROOT; };
		B377B9781478BC6B000611CF /* alpha2-Info.plist */ = {isa = PBXFileReference; path = "alpha2-Info.plist"; sourceTree = "<group>"; };
		B377B97A1478BC6B000611CF /* en */ = {isa = PBXFileReference; lastKnownFileType = text.plist.strings; name = en; path = en.lproj/InfoPlist.strings; sourceTree = "<group>"; };
		B377B97C1478BC6B000611CF /* main.m */ = {isa = PBXFileReference; lastKnownFileType = sourcecode.c.objc; path = main.m; sourceTree = "<group>"; };
		B377B97E1478BC6B000611CF /* alpha2-Prefix.pch */ = {isa = PBXFileReference; path = "alpha2-Prefix.pch"; sourceTree = "<group>"; };
		B377B97F1478BC6B000611CF /* AppDelegate.h */ = {isa = PBXFileReference; path = AppDelegate.h; sourceTree = "<group>"; };
		B377B9801478BC6B000611CF /* AppDelegate.m */ = {isa = PBXFileReference; lastKnownFileType = sourcecode.c.objc; path = AppDelegate.m; sourceTree = "<group>"; };
/* End PBXFileReference section */

/* Begin PBXFrameworksBuildPhase section */
		B377B9691478BC6B000611CF /* Frameworks */ = {
			isa = PBXFrameworksBuildPhase;
			buildActionMask = 2147483647;
			files = (
				B377B9711478BC6B000611CF /* UIKit.framework in Frameworks */,
				B377B9731478BC6B000611CF /* Foundation.framework in Frameworks */,
				B377B9751478BC6B000611CF /* CoreGraphics.framework in Frameworks */,
			);
			runOnlyForDeploymentPostprocessing = 0;
		};
/* End PBXFrameworksBuildPhase section */

/* Begin PBXGroup section */
		B377B9611478BC6B000611CF = {
			isa = PBXGroup;
			children = (
				B377B9761478BC6B000611CF /* alpha2 */,
				B377B96F1478BC6B000611CF /* Frameworks */,
				B377B96D1478BC6B000611CF /* Products */,
			);
			sourceTree = "<group>";
		};
		B377B96D1478BC6B000611CF /* Products */ = {
			isa = PBXGroup;
			children = (
				B377B96C1478BC6B000611CF /* alpha2.app */,
			);
			name = Products;
			sourceTree = "<group>";
		};
		B377B96F1478BC6B000611CF /* Frameworks */ = {
			isa = PBXGroup;
			children = (
				B377B9701478BC6B000611CF /* UIKit.framework */,
				B377B9721478BC6B000611CF /* Foundation.framework */,
				B377B9741478BC6B000611CF /* CoreGraphics.framework */,
			);
			name = Frameworks;
			sourceTree = "<group>";
		};
		B377B9761478BC6B000611CF /* alpha2 */ = {
			isa = PBXGroup;
			children = (
				B377B97F1478BC6B000611CF /* AppDelegate.h */,
				B377B9801478BC6B000611CF /* AppDelegate.m */,
				B377B9771478BC6B000611CF /* Supporting Files */,
			);
			path = alpha2;
			sourceTree = "<group>";
		};
		B377B9771478BC6B000611CF /* Supporting Files */ = {
			isa = PBXGroup;
			children = (
				B377B9781478BC6B000611CF /* alpha2-Info.plist */,
				B377B9791478BC6B000611CF /* InfoPlist.strings */,
				B377B97C1478BC6B000611CF /* main.m */,
				B377B97E1478BC6B000611CF /* alpha2-Prefix.pch */,
			);
			name = "Supporting Files";
			sourceTree = "<group>";
		};
/* End PBXGroup section */

/* Begin PBXNativeTarget section */
		B377B96B1478BC6B000611CF /* alpha2 */ = {
			isa = PBXNativeTarget;
			buildConfigurationList = B377B9841478BC6B000611CF /* Build configuration list for PBXNativeTarget "alpha2" */;
			buildPhases = (
				B377B9681478BC6B000611CF /* Sources */,
				B377B9691478BC6B000611CF /* Frameworks */,
				B377B96A1478BC6B000611CF /* Resources */,
			);
			buildRules = (
			);
			dependencies = (
			);
			name = alpha2;
			productName = alpha2;
			productReference = B377B96C1478BC6B000611CF /* alpha2.app */;
			productType = "com.apple.product-type.application";
		};
/* End PBXNativeTarget section */

/* Begin PBXProject section */
		B377B9631478BC6B000611CF /* Project object */ = {
			isa = PBXProject;
			attributes = {
				LastUpgradeCheck = 0420;
			};
			buildConfigurationList = B377B9661478BC6B000611CF /* Build configuration list for PBXProject "alpha2" */;
			compatibilityVersion = "Xcode 3.2";
			developmentRegion = English;
			hasScannedForEncodings = 0;
			knownRegions = (
				en,
			);
			mainGroup = B377B9611478BC6B000611CF;
			productRefGroup = B377B96D1478BC6B000611CF /* Products */;
			projectDirPath = "";
			projectRoot = "";
			targets = (
				B377B96B1478BC6B000611CF /* alpha2 */,
			);
		};
/* End PBXProject section */

/* Begin PBXResourcesBuildPhase section */
		B377B96A1478BC6B000611CF /* Resources */ = {
			isa = PBXResourcesBuildPhase;
			buildActionMask = 2147483647;
			files = (
				B377B97B1478BC6B000611CF /* InfoPlist.strings in Resources */,
			);
			runOnlyForDeploymentPostprocessing = 0;
		};
/* End PBXResourcesBuildPhase section */

/* Begin PBXSourcesBuildPhase section */
		B377B9681478BC6B000611CF /* Sources */ = {
			isa = PBXSourcesBuildPhase;
			buildActionMask = 2147483647;
			files = (
				B377B97D1478BC6B000611CF /* main.m in Sources */,
				B377B9811478BC6B000611CF /* AppDelegate.m in Sources */,
			);
			runOnlyForDeploymentPostprocessing = 0;
		};
/* End PBXSourcesBuildPhase section */

/* Begin PBXVariantGroup section */
		B377B9791478BC6B000611CF /* InfoPlist.strings */ = {
			isa = PBXVariantGroup;
			children = (
				B377B97A1478BC6B000611CF /* en */,
			);
			name = InfoPlist.strings;
			sourceTree = "<group>";
		};
/* End PBXVariantGroup section */

/* Begin XCBuildConfiguration section */
		B377B9821478BC6B000611CF /* Debug */ = {
			isa = XCBuildConfiguration;
			buildSettings = {
				ALWAYS_SEARCH_USER_PATHS = NO;
				ARCHS = "$(ARCHS_STANDARD_32_BIT)";
				"CODE_SIGN_IDENTITY[sdk=iphoneos*]" = "iPhone Developer";
				COPY_PHASE_STRIP = NO;
				GCC_C_LANGUAGE_STANDARD = gnu99;
				GCC_DYNAMIC_NO_PIC = NO;
				GCC_OPTIMIZATION_LEVEL = 0;
				GCC_PREPROCESSOR_DEFINITIONS = (
					"DEBUG=1",
					"$(inherited)",
				);
				GCC_SYMBOLS_PRIVATE_EXTERN = NO;
				GCC_VERSION = com.apple.compilers.llvm.clang.1_0;
				GCC_WARN_ABOUT_MISSING_PROTOTYPES = YES;
				GCC_WARN_ABOUT_RETURN_TYPE = YES;
				GCC_WARN_UNUSED_VARIABLE = YES;
				IPHONEOS_DEPLOYMENT_TARGET = 5.0;
				SDKROOT = iphoneos;
				TARGETED_DEVICE_FAMILY = "1,2";
			};
			name = Debug;
		};
		B377B9831478BC6B000611CF /* Release */ = {
			isa = XCBuildConfiguration;
			buildSettings = {
				ALWAYS_SEARCH_USER_PATHS = NO;
				ARCHS = "$(ARCHS_STANDARD_32_BIT)";
				"CODE_SIGN_IDENTITY[sdk=iphoneos*]" = "iPhone Developer";
				COPY_PHASE_STRIP = YES;
				GCC_C_LANGUAGE_STANDARD = gnu99;
				GCC_VERSION = com.apple.compilers.llvm.clang.1_0;
				GCC_WARN_ABOUT_MISSING_PROTOTYPES = YES;
				GCC_WARN_ABOUT_RETURN_TYPE = YES;
				GCC_WARN_UNUSED_VARIABLE = YES;
				IPHONEOS_DEPLOYMENT_TARGET = 5.0;
				OTHER_CFLAGS = "-DNS_BLOCK_ASSERTIONS=1";
				SDKROOT = iphoneos;
				TARGETED_DEVICE_FAMILY = "1,2";
				VALIDATE_PRODUCT = YES;
			};
			name = Release;
		};
		B377B9851478BC6B000611CF /* Debug */ = {
			isa = XCBuildConfiguration;
			buildSettings = {
				GCC_PRECOMPILE_PREFIX_HEADER = YES;
				GCC_PREFIX_HEADER = "alpha2/alpha2-Prefix.pch";
				INFOPLIST_FILE = "alpha2/alpha2-Info.plist";
				PRODUCT_NAME = "$(TARGET_NAME)";
				WRAPPER_EXTENSION = app;
			};
			name = Debug;
		};
		B377B9861478BC6B000611CF /* Release */ = {
			isa = XCBuildConfiguration;
			buildSettings = {
				GCC_PRECOMPILE_PREFIX_HEADER = YES;
				GCC_PREFIX_HEADER = "alpha2/alpha2-Prefix.pch";
				INFOPLIST_FILE = "alpha2/alpha2-Info.plist";
				PRODUCT_NAME = "$(TARGET_NAME)";
				WRAPPER_EXTENSION = app;
			};
			name = Release;
		};
/* End XCBuildConfiguration section */

/* Begin XCConfigurationList section */
		B377B9661478BC6B000611CF /* Build configuration list for PBXProject "alpha2" */ = {
			isa = XCConfigurationList;
			buildConfigurations = (
				B377B9821478BC6B000611CF /* Debug */,
				B377B9831478BC6B000611CF /* Release */,
			);
			defaultConfigurationIsVisible = 0;
			defaultConfigurationName = Release;
		};
		B377B9841478BC6B000611CF /* Build configuration list for PBXNativeTarget "alpha2" */ = {
			isa = XCConfigurationList;
			buildConfigurations = (
				B377B9851478BC6B000611CF /* Debug */,
				B377B9861478BC6B000611CF /* Release */,
			);
			defaultConfigurationIsVisible = 0;
		};
/* End XCConfigurationList section */
	};
	rootObject = B377B9631478BC6B000611CF /* Project object */;
}
